
Microsoft Visual Studio Solution File, Format Version 12.00
# Visual Studio Version 17
VisualStudioVersion = 17.2.32616.157
MinimumVisualStudioVersion = 10.0.40219.1
Project("{9A19103F-16F7-4668-BE54-9A1E7A4F7556}") = "GoldenPixelBackend", "GoldenPixelBackend\GoldenPixelBackend.csproj", "{5D9E5C68-1B27-4002-B692-15C55CDCBEBC}"
EndProject
Project("{9A19103F-16F7-4668-BE54-9A1E7A4F7556}") = "GoldenPixelBackend.Mail", "GoldenPixelBackend.Mail\GoldenPixelBackend.Mail.csproj", "{8A86EB65-17E4-4850-88F3-A320E34D3367}"
EndProject
Project("{9A19103F-16F7-4668-BE54-9A1E7A4F7556}") = "GoldenPixel.CQRS", "GoldenPixel.CQRS\GoldenPixel.CQRS.csproj", "{13E36050-F036-444C-8646-376A971ADF37}"
EndProject
Project("{9A19103F-16F7-4668-BE54-9A1E7A4F7556}") = "GoldenPixel.Core", "GoldenPixel.Core\GoldenPixel.Core.csproj", "{78401DB8-41AC-46CA-B8C9-92B9DD94EC6C}"
EndProject
Project("{9A19103F-16F7-4668-BE54-9A1E7A4F7556}") = "GoldenPixel.Db", "GoldenPixel.Db\GoldenPixel.Db.csproj", "{F2E280D2-FE4D-41EB-8316-B07117871029}"
EndProject
Project("{2150E333-8FDC-42A3-9474-1A3956D46DE8}") = "Solution Items", "Solution Items", "{11EBB7FF-09D0-47FC-B782-4465B04C5902}"
EndProject
Project("{2150E333-8FDC-42A3-9474-1A3956D46DE8}") = "Tests", "Tests", "{69C73482-7C04-4556-8038-005E8BD9C1F3}"
EndProject
Project("{9A19103F-16F7-4668-BE54-9A1E7A4F7556}") = "GoldenPixel.UnitTests", "GoldenPixel.UnitTests\GoldenPixel.UnitTests.csproj", "{635AFDCC-D776-43FD-94B0-E6ADE35BB27F}"
EndProject
Project("{9A19103F-16F7-4668-BE54-9A1E7A4F7556}") = "GoldenPixel.TestInfrastructure", "GoldenPixel.TestInfrastructure\GoldenPixel.TestInfrastructure.csproj", "{134020C1-9F5B-412A-99FE-3A75BAFC960D}"
EndProject
Project("{FAE04EC0-301F-11D3-BF4B-00C04F79EFBC}") = "GoldenPixel.IntegrationTests", "GoldenPixel.IntegrationTests\GoldenPixel.IntegrationTests.csproj", "{645C3FEC-395A-40A3-AFFF-56F8E32FFDFF}"
EndProject
Global
	GlobalSection(SolutionConfigurationPlatforms) = preSolution
		Debug|Any CPU = Debug|Any CPU
		Release|Any CPU = Release|Any CPU
	EndGlobalSection
	GlobalSection(ProjectConfigurationPlatforms) = postSolution
		{5D9E5C68-1B27-4002-B692-15C55CDCBEBC}.Debug|Any CPU.ActiveCfg = Debug|Any CPU
		{5D9E5C68-1B27-4002-B692-15C55CDCBEBC}.Debug|Any CPU.Build.0 = Debug|Any CPU
		{5D9E5C68-1B27-4002-B692-15C55CDCBEBC}.Release|Any CPU.ActiveCfg = Release|Any CPU
		{5D9E5C68-1B27-4002-B692-15C55CDCBEBC}.Release|Any CPU.Build.0 = Release|Any CPU
		{8A86EB65-17E4-4850-88F3-A320E34D3367}.Debug|Any CPU.ActiveCfg = Debug|Any CPU
		{8A86EB65-17E4-4850-88F3-A320E34D3367}.Debug|Any CPU.Build.0 = Debug|Any CPU
		{8A86EB65-17E4-4850-88F3-A320E34D3367}.Release|Any CPU.ActiveCfg = Release|Any CPU
		{8A86EB65-17E4-4850-88F3-A320E34D3367}.Release|Any CPU.Build.0 = Release|Any CPU
		{13E36050-F036-444C-8646-376A971ADF37}.Debug|Any CPU.ActiveCfg = Debug|Any CPU
		{13E36050-F036-444C-8646-376A971ADF37}.Debug|Any CPU.Build.0 = Debug|Any CPU
		{13E36050-F036-444C-8646-376A971ADF37}.Release|Any CPU.ActiveCfg = Release|Any CPU
		{13E36050-F036-444C-8646-376A971ADF37}.Release|Any CPU.Build.0 = Release|Any CPU
		{78401DB8-41AC-46CA-B8C9-92B9DD94EC6C}.Debug|Any CPU.ActiveCfg = Debug|Any CPU
		{78401DB8-41AC-46CA-B8C9-92B9DD94EC6C}.Debug|Any CPU.Build.0 = Debug|Any CPU
		{78401DB8-41AC-46CA-B8C9-92B9DD94EC6C}.Release|Any CPU.ActiveCfg = Release|Any CPU
		{78401DB8-41AC-46CA-B8C9-92B9DD94EC6C}.Release|Any CPU.Build.0 = Release|Any CPU
		{F2E280D2-FE4D-41EB-8316-B07117871029}.Debug|Any CPU.ActiveCfg = Debug|Any CPU
		{F2E280D2-FE4D-41EB-8316-B07117871029}.Debug|Any CPU.Build.0 = Debug|Any CPU
		{F2E280D2-FE4D-41EB-8316-B07117871029}.Release|Any CPU.ActiveCfg = Release|Any CPU
		{F2E280D2-FE4D-41EB-8316-B07117871029}.Release|Any CPU.Build.0 = Release|Any CPU
		{635AFDCC-D776-43FD-94B0-E6ADE35BB27F}.Debug|Any CPU.ActiveCfg = Debug|Any CPU
		{635AFDCC-D776-43FD-94B0-E6ADE35BB27F}.Debug|Any CPU.Build.0 = Debug|Any CPU
		{635AFDCC-D776-43FD-94B0-E6ADE35BB27F}.Release|Any CPU.ActiveCfg = Release|Any CPU
		{635AFDCC-D776-43FD-94B0-E6ADE35BB27F}.Release|Any CPU.Build.0 = Release|Any CPU
		{134020C1-9F5B-412A-99FE-3A75BAFC960D}.Debug|Any CPU.ActiveCfg = Debug|Any CPU
		{134020C1-9F5B-412A-99FE-3A75BAFC960D}.Debug|Any CPU.Build.0 = Debug|Any CPU
		{134020C1-9F5B-412A-99FE-3A75BAFC960D}.Release|Any CPU.ActiveCfg = Release|Any CPU
		{134020C1-9F5B-412A-99FE-3A75BAFC960D}.Release|Any CPU.Build.0 = Release|Any CPU
		{645C3FEC-395A-40A3-AFFF-56F8E32FFDFF}.Debug|Any CPU.ActiveCfg = Debug|Any CPU
		{645C3FEC-395A-40A3-AFFF-56F8E32FFDFF}.Debug|Any CPU.Build.0 = Debug|Any CPU
		{645C3FEC-395A-40A3-AFFF-56F8E32FFDFF}.Release|Any CPU.ActiveCfg = Release|Any CPU
		{645C3FEC-395A-40A3-AFFF-56F8E32FFDFF}.Release|Any CPU.Build.0 = Release|Any CPU
	EndGlobalSection
	GlobalSection(SolutionProperties) = preSolution
		HideSolutionNode = FALSE
	EndGlobalSection
	GlobalSection(NestedProjects) = preSolution
		{635AFDCC-D776-43FD-94B0-E6ADE35BB27F} = {69C73482-7C04-4556-8038-005E8BD9C1F3}
		{134020C1-9F5B-412A-99FE-3A75BAFC960D} = {69C73482-7C04-4556-8038-005E8BD9C1F3}
		{645C3FEC-395A-40A3-AFFF-56F8E32FFDFF} = {69C73482-7C04-4556-8038-005E8BD9C1F3}
	EndGlobalSection
	GlobalSection(ExtensibilityGlobals) = postSolution
		SolutionGuid = {371B345E-C2D3-4898-A5C9-8F63B4ED4E54}
	EndGlobalSection
EndGlobal
